
Microsoft Visual Studio Solution File, Format Version 12.00
# Visual Studio Version 17
VisualStudioVersion = 17.7.34031.279
MinimumVisualStudioVersion = 10.0.40219.1
Project("{888888A0-9F3D-457C-B088-3A5042F75D52}") = "NotesApp", "NotesApp\NotesApp.pyproj", "{85EAE268-3E2D-434E-B438-133A56DB726E}"
EndProject
Global
	GlobalSection(SolutionConfigurationPlatforms) = preSolution
		Debug|Any CPU = Debug|Any CPU
		Release|Any CPU = Release|Any CPU
	EndGlobalSection
	GlobalSection(ProjectConfigurationPlatforms) = postSolution
		{85EAE268-3E2D-434E-B438-133A56DB726E}.Debug|Any CPU.ActiveCfg = Debug|Any CPU
		{85EAE268-3E2D-434E-B438-133A56DB726E}.Release|Any CPU.ActiveCfg = Release|Any CPU
	EndGlobalSection
	GlobalSection(SolutionProperties) = preSolution
		HideSolutionNode = FALSE
	EndGlobalSection
	GlobalSection(ExtensibilityGlobals) = postSolution
		SolutionGuid = {8B9FC837-119D-4277-9C99-64F695B4EE76}
	EndGlobalSection
EndGlobal
